github.com/amenzhinsky/go-memexec v0.7.0 h1:BAoex/mFSJiPJQkJinBmT2vgkpUZBvJngjbhEhFrRa4=
github.com/amenzhinsky/go-memexec v0.7.0/go.mod h1:mQNWoiLTmL4+AUb/y3KkDE7xh7qnEO/as+rkLZRqXYg=
github.com/gorilla/websocket v1.5.0 h1:PPwGk2jz7EePpoHN/+ClbZu8SPxiqlu12wZP/3sWmnc=
github.com/gorilla/websocket v1.5.0/go.mod h1:YR8l580nyteQvAITg2hZ9XVh4b55+EU/adAjf1fMHhE=
golang.org/x/sys v0.0.0-20210903071746-97244b99971b h1:3Dq0eVHn0uaQJmPO+/aYPI/fRMqdrVDbu7MQcku54gg=
golang.org/x/sys v0.0.0-20210903071746-97244b99971b/go.mod h1:oPkhp1MJrh7nUepCBck5+mAzfO9JrbApNNgaTdGDITg=
